
Microsoft Visual Studio Solution File, Format Version 12.00
# Visual Studio Version 16
VisualStudioVersion = 16.0.32602.291
MinimumVisualStudioVersion = 10.0.40219.1
Project("{FAE04EC0-301F-11D3-BF4B-00C04F79EFBC}") = "QuestPondApp", "QuestPondApp.csproj", "{03A6DA22-EBE8-4806-B75B-933AFBB5DA3C}"
EndProject
Global
	GlobalSection(SolutionConfigurationPlatforms) = preSolution
		Debug|Any CPU = Debug|Any CPU
		Release|Any CPU = Release|Any CPU
	EndGlobalSection
	GlobalSection(ProjectConfigurationPlatforms) = postSolution
		{03A6DA22-EBE8-4806-B75B-933AFBB5DA3C}.Debug|Any CPU.ActiveCfg = Debug|Any CPU
		{03A6DA22-EBE8-4806-B75B-933AFBB5DA3C}.Debug|Any CPU.Build.0 = Debug|Any CPU
		{03A6DA22-EBE8-4806-B75B-933AFBB5DA3C}.Release|Any CPU.ActiveCfg = Release|Any CPU
		{03A6DA22-EBE8-4806-B75B-933AFBB5DA3C}.Release|Any CPU.Build.0 = Release|Any CPU
	EndGlobalSection
	GlobalSection(SolutionProperties) = preSolution
		HideSolutionNode = FALSE
	EndGlobalSection
	GlobalSection(ExtensibilityGlobals) = postSolution
		SolutionGuid = {DDEDA891-38C4-4B80-B62C-475B929BFF94}
	EndGlobalSection
EndGlobal
